
Microsoft Visual Studio Solution File, Format Version 12.00
# Visual Studio 14
VisualStudioVersion = 14.0.25420.1
MinimumVisualStudioVersion = 10.0.40219.1
Project("{FAE04EC0-301F-11D3-BF4B-00C04F79EFBC}") = "TruckSmartWeb", "TruckSmartWeb\TruckSmartWeb.csproj", "{98C54A1D-0D88-482D-AE15-9CC51A8C85BC}"
EndProject
Project("{FAE04EC0-301F-11D3-BF4B-00C04F79EFBC}") = "TruckSmartTypes", "TruckSmartTypes\TruckSmartTypes.csproj", "{F5521088-F08F-49EE-885E-9B7532ECF9F7}"
EndProject
Project("{FAE04EC0-301F-11D3-BF4B-00C04F79EFBC}") = "TruckSmartTestHarness", "TruckSmartTestHarness\TruckSmartTestHarness.csproj", "{2BAF8C70-0EA0-4442-B84C-7A2C3ECC942C}"
EndProject
Global
	GlobalSection(SolutionConfigurationPlatforms) = preSolution
		Debug|Any CPU = Debug|Any CPU
		Release|Any CPU = Release|Any CPU
	EndGlobalSection
	GlobalSection(ProjectConfigurationPlatforms) = postSolution
		{98C54A1D-0D88-482D-AE15-9CC51A8C85BC}.Debug|Any CPU.ActiveCfg = Debug|Any CPU
		{98C54A1D-0D88-482D-AE15-9CC51A8C85BC}.Debug|Any CPU.Build.0 = Debug|Any CPU
		{98C54A1D-0D88-482D-AE15-9CC51A8C85BC}.Release|Any CPU.ActiveCfg = Release|Any CPU
		{98C54A1D-0D88-482D-AE15-9CC51A8C85BC}.Release|Any CPU.Build.0 = Release|Any CPU
		{F5521088-F08F-49EE-885E-9B7532ECF9F7}.Debug|Any CPU.ActiveCfg = Debug|Any CPU
		{F5521088-F08F-49EE-885E-9B7532ECF9F7}.Debug|Any CPU.Build.0 = Debug|Any CPU
		{F5521088-F08F-49EE-885E-9B7532ECF9F7}.Release|Any CPU.ActiveCfg = Release|Any CPU
		{F5521088-F08F-49EE-885E-9B7532ECF9F7}.Release|Any CPU.Build.0 = Release|Any CPU
		{2BAF8C70-0EA0-4442-B84C-7A2C3ECC942C}.Debug|Any CPU.ActiveCfg = Debug|Any CPU
		{2BAF8C70-0EA0-4442-B84C-7A2C3ECC942C}.Debug|Any CPU.Build.0 = Debug|Any CPU
		{2BAF8C70-0EA0-4442-B84C-7A2C3ECC942C}.Release|Any CPU.ActiveCfg = Release|Any CPU
		{2BAF8C70-0EA0-4442-B84C-7A2C3ECC942C}.Release|Any CPU.Build.0 = Release|Any CPU
	EndGlobalSection
	GlobalSection(SolutionProperties) = preSolution
		HideSolutionNode = FALSE
	EndGlobalSection
EndGlobal
